
Microsoft Visual Studio Solution File, Format Version 12.00
# Visual Studio Version 17
VisualStudioVersion = 17.4.33213.308
MinimumVisualStudioVersion = 10.0.40219.1
Project("{FAE04EC0-301F-11D3-BF4B-00C04F79EFBC}") = "BeatSaberCleaner", "BeatSaberCleaner\BeatSaberCleaner.csproj", "{8BBE62FC-8D2D-40B4-8EA8-1417258E76EC}"
EndProject
Global
	GlobalSection(SolutionConfigurationPlatforms) = preSolution
		Debug|Any CPU = Debug|Any CPU
		Release|Any CPU = Release|Any CPU
	EndGlobalSection
	GlobalSection(ProjectConfigurationPlatforms) = postSolution
		{8BBE62FC-8D2D-40B4-8EA8-1417258E76EC}.Debug|Any CPU.ActiveCfg = Debug|Any CPU
		{8BBE62FC-8D2D-40B4-8EA8-1417258E76EC}.Debug|Any CPU.Build.0 = Debug|Any CPU
		{8BBE62FC-8D2D-40B4-8EA8-1417258E76EC}.Release|Any CPU.ActiveCfg = Release|Any CPU
		{8BBE62FC-8D2D-40B4-8EA8-1417258E76EC}.Release|Any CPU.Build.0 = Release|Any CPU
	EndGlobalSection
	GlobalSection(SolutionProperties) = preSolution
		HideSolutionNode = FALSE
	EndGlobalSection
	GlobalSection(ExtensibilityGlobals) = postSolution
		SolutionGuid = {CFD0A8C3-75CF-4349-AFBD-7B4E394CBA78}
	EndGlobalSection
EndGlobal
